// !$*UTF8*$!
{
	archiveVersion = 1;
	classes = {
	};
	objectVersion = 77;
	objects = {

/* Begin PBXFileReference section */
		A10000000000000000000001 /* Han1meViewer.app */ = {isa = PBXFileReference; explicitFileType = wrapper.application; includeInIndex = 0; path = Han1meViewer.app; sourceTree = BUILT_PRODUCTS_DIR; };
/* End PBXFileReference section */

/* Begin PBXFileSystemSynchronizedBuildFileExceptionSet section */
		A10000000000000000000002 /* Exceptions for "iosApp" folder in "iosApp" target */ = {
			isa = PBXFileSystemSynchronizedBuildFileExceptionSet;
			membershipExceptions = (
				Info.plist,
			);
			target = A10000000000000000000003 /* iosApp */;
		};
/* End PBXFileSystemSynchronizedBuildFileExceptionSet section */

/* Begin PBXFileSystemSynchronizedRootGroup section */
		A10000000000000000000004 /* iosApp */ = {
			isa = PBXFileSystemSynchronizedRootGroup;
			exceptions = (
				A10000000000000000000002 /* Exceptions for "iosApp" folder in "iosApp" target */,
			);
			path = iosApp;
			sourceTree = "<group>";
		};
		A10000000000000000000005 /* Configuration */ = {
			isa = PBXFileSystemSynchronizedRootGroup;
			path = Configuration;
			sourceTree = "<group>";
		};
/* End PBXFileSystemSynchronizedRootGroup section */

/* Begin PBXFrameworksBuildPhase section */
		A10000000000000000000006 /* Frameworks */ = {
			isa = PBXFrameworksBuildPhase;
			buildActionMask = 2147483647;
			files = (
			);
			runOnlyForDeploymentPostprocessing = 0;
		};
/* End PBXFrameworksBuildPhase section */

/* Begin PBXGroup section */
		A10000000000000000000007 = {
			isa = PBXGroup;
			children = (
				A10000000000000000000005 /* Configuration */,
				A10000000000000000000004 /* iosApp */,
				A10000000000000000000008 /* Products */,
			);
			sourceTree = "<group>";
		};
		A10000000000000000000008 /* Products */ = {
			isa = PBXGroup;
			children = (
				A10000000000000000000001 /* Han1meViewer.app */,
			);
			name = Products;
			sourceTree = "<group>";
		};
/* End PBXGroup section */

/* Begin PBXNativeTarget section */
		A10000000000000000000003 /* iosApp */ = {
			isa = PBXNativeTarget;
			buildConfigurationList = A10000000000000000000009 /* Build configuration list for PBXNativeTarget "iosApp" */;
			buildPhases = (
				A1000000000000000000000A /* Compile Kotlin Framework */,
				A1000000000000000000000B /* Sources */,
				A10000000000000000000006 /* Frameworks */,
				A1000000000000000000000C /* Resources */,
			);
			buildRules = (
			);
			dependencies = (
			);
			fileSystemSynchronizedGroups = (
				A10000000000000000000004 /* iosApp */,
			);
			name = iosApp;
			packageProductDependencies = (
			);
			productName = iosApp;
			productReference = A10000000000000000000001 /* Han1meViewer.app */;
			productType = "com.apple.product-type.application";
		};
/* End PBXNativeTarget section */

/* Begin PBXProject section */
		A1000000000000000000000D /* Project object */ = {
			isa = PBXProject;
			attributes = {
				BuildIndependentTargetsInParallel = 1;
				LastSwiftUpdateCheck = 1620;
				LastUpgradeCheck = 1620;
				TargetAttributes = {
					A10000000000000000000003 = {
						CreatedOnToolsVersion = 16.2;
					};
				};
			};
			buildConfigurationList = A1000000000000000000000E /* Build configuration list for PBXProject "iosApp" */;
			developmentRegion = en;
			hasScannedForEncodings = 0;
			knownRegions = (
				en,
				Base,
			);
			mainGroup = A10000000000000000000007;
			minimizedProjectReferenceProxies = 1;
			preferredProjectObjectVersion = 77;
			productRefGroup = A10000000000000000000008 /* Products */;
			projectDirPath = "";
			projectRoot = "";
			targets = (
				A10000000000000000000003 /* iosApp */,
			);
		};
/* End PBXProject section */

/* Begin PBXResourcesBuildPhase section */
		A1000000000000000000000C /* Resources */ = {
			isa = PBXResourcesBuildPhase;
			buildActionMask = 2147483647;
			files = (
			);
			runOnlyForDeploymentPostprocessing = 0;
		};
/* End PBXResourcesBuildPhase section */

/* Begin PBXShellScriptBuildPhase section */
		A1000000000000000000000A /* Compile Kotlin Framework */ = {
			isa = PBXShellScriptBuildPhase;
			alwaysOutOfDate = 1;
			buildActionMask = 2147483647;
			files = (
			);
			inputFileListPaths = (
			);
			inputPaths = (
			);
			name = "Compile Kotlin Framework";
			outputFileListPaths = (
			);
			outputPaths = (
			);
			runOnlyForDeploymentPostprocessing = 0;
			shellPath = /bin/sh;
			shellScript = "if [ \"YES\" = \"$OVERRIDE_KOTLIN_BUILD_IDE_SUPPORTED\" ]; then\n  echo \"Skipping Gradle build task invocation because OVERRIDE_KOTLIN_BUILD_IDE_SUPPORTED is YES\"\n  exit 0\nfi\ncd \"$SRCROOT/..\"\n./gradlew :composeApp:embedAndSignAppleFrameworkForXcode\n";
		};
/* End PBXShellScriptBuildPhase section */

/* Begin PBXSourcesBuildPhase section */
		A1000000000000000000000B /* Sources */ = {
			isa = PBXSourcesBuildPhase;
			buildActionMask = 2147483647;
			files = (
			);
			runOnlyForDeploymentPostprocessing = 0;
		};
/* End PBXSourcesBuildPhase section */

/* Begin XCBuildConfiguration section */
		A1000000000000000000000F /* Debug */ = {
			isa = XCBuildConfiguration;
			buildSettings = {
				ALWAYS_SEARCH_USER_PATHS = NO;
				CLANG_ENABLE_MODULES = YES;
				CLANG_ENABLE_OBJC_ARC = YES;
				COPY_PHASE_STRIP = NO;
				DEBUG_INFORMATION_FORMAT = dwarf;
				ENABLE_TESTABILITY = YES;
				ENABLE_USER_SCRIPT_SANDBOXING = NO;
				GCC_C_LANGUAGE_STANDARD = gnu17;
				GCC_OPTIMIZATION_LEVEL = 0;
				GCC_PREPROCESSOR_DEFINITIONS = (
					"DEBUG=1",
					"$(inherited)",
				);
				IPHONEOS_DEPLOYMENT_TARGET = 15.0;
				ONLY_ACTIVE_ARCH = YES;
				SDKROOT = iphoneos;
				SWIFT_ACTIVE_COMPILATION_CONDITIONS = "DEBUG $(inherited)";
				SWIFT_OPTIMIZATION_LEVEL = "-Onone";
			};
			name = Debug;
		};
		A10000000000000000000010 /* Release */ = {
			isa = XCBuildConfiguration;
			buildSettings = {
				ALWAYS_SEARCH_USER_PATHS = NO;
				CLANG_ENABLE_MODULES = YES;
				CLANG_ENABLE_OBJC_ARC = YES;
				COPY_PHASE_STRIP = NO;
				DEBUG_INFORMATION_FORMAT = "dwarf-with-dsym";
				ENABLE_NS_ASSERTIONS = NO;
				ENABLE_USER_SCRIPT_SANDBOXING = NO;
				GCC_C_LANGUAGE_STANDARD = gnu17;
				IPHONEOS_DEPLOYMENT_TARGET = 15.0;
				SDKROOT = iphoneos;
				SWIFT_COMPILATION_MODE = wholemodule;
				VALIDATE_PRODUCT = YES;
			};
			name = Release;
		};
		A10000000000000000000011 /* Debug */ = {
			isa = XCBuildConfiguration;
			baseConfigurationReferenceAnchor = A10000000000000000000005 /* Configuration */;
			baseConfigurationReferenceRelativePath = Config.xcconfig;
			buildSettings = {
				ARCHS = arm64;
				CODE_SIGN_STYLE = Automatic;
				DEVELOPMENT_TEAM = "${TEAM_ID}";
				FRAMEWORK_SEARCH_PATHS = (
					"$(inherited)",
					"$(SRCROOT)/../composeApp/build/xcode-frameworks/$(CONFIGURATION)/$(SDK_NAME)",
				);
				GENERATE_INFOPLIST_FILE = YES;
				INFOPLIST_FILE = iosApp/Info.plist;
				INFOPLIST_KEY_UIApplicationSceneManifest_Generation = YES;
				INFOPLIST_KEY_UIApplicationSupportsIndirectInputEvents = YES;
				INFOPLIST_KEY_UILaunchScreen_Generation = YES;
				LD_RUNPATH_SEARCH_PATHS = (
					"$(inherited)",
					"@executable_path/Frameworks",
				);
				SWIFT_VERSION = 5.0;
				TARGETED_DEVICE_FAMILY = "1,2";
			};
			name = Debug;
		};
		A10000000000000000000012 /* Release */ = {
			isa = XCBuildConfiguration;
			baseConfigurationReferenceAnchor = A10000000000000000000005 /* Configuration */;
			baseConfigurationReferenceRelativePath = Config.xcconfig;
			buildSettings = {
				ARCHS = arm64;
				CODE_SIGN_STYLE = Automatic;
				DEVELOPMENT_TEAM = "${TEAM_ID}";
				FRAMEWORK_SEARCH_PATHS = (
					"$(inherited)",
					"$(SRCROOT)/../composeApp/build/xcode-frameworks/$(CONFIGURATION)/$(SDK_NAME)",
				);
				GENERATE_INFOPLIST_FILE = YES;
				INFOPLIST_FILE = iosApp/Info.plist;
				INFOPLIST_KEY_UIApplicationSceneManifest_Generation = YES;
				INFOPLIST_KEY_UIApplicationSupportsIndirectInputEvents = YES;
				INFOPLIST_KEY_UILaunchScreen_Generation = YES;
				LD_RUNPATH_SEARCH_PATHS = (
					"$(inherited)",
					"@executable_path/Frameworks",
				);
				SWIFT_VERSION = 5.0;
				TARGETED_DEVICE_FAMILY = "1,2";
			};
			name = Release;
		};
/* End XCBuildConfiguration section */

/* Begin XCConfigurationList section */
		A1000000000000000000000E /* Build configuration list for PBXProject "iosApp" */ = {
			isa = XCConfigurationList;
			buildConfigurations = (
				A1000000000000000000000F /* Debug */,
				A10000000000000000000010 /* Release */,
			);
			defaultConfigurationIsVisible = 0;
			defaultConfigurationName = Release;
		};
		A10000000000000000000009 /* Build configuration list for PBXNativeTarget "iosApp" */ = {
			isa = XCConfigurationList;
			buildConfigurations = (
				A10000000000000000000011 /* Debug */,
				A10000000000000000000012 /* Release */,
			);
			defaultConfigurationIsVisible = 0;
			defaultConfigurationName = Release;
		};
/* End XCConfigurationList section */
	};
	rootObject = A1000000000000000000000D /* Project object */;
}
