// !$*UTF8*$!
{
	archiveVersion = 1;
	classes = {
	};
	objectVersion = 77;
	objects = {

/* Begin PBXBuildFile section */
		A10000000000000000000013 = {
			isa = PBXBuildFile;
			productRef = A10000000000000000000015;
		};
		CFA47327D4B0CD4DFF29051A = {
			isa = PBXBuildFile;
			productRef = 9841F35437A4034768A4042D;
		};
/* End PBXBuildFile section */

/* Begin PBXFileReference section */
		A10000000000000000000001 = {
			isa = PBXFileReference;
			explicitFileType = wrapper.application;
			includeInIndex = 0;
			path = Han1meViewer.app;
			sourceTree = BUILT_PRODUCTS_DIR;
		};
/* End PBXFileReference section */

/* Begin PBXFileSystemSynchronizedBuildFileExceptionSet section */
		A10000000000000000000002 = {
			isa = PBXFileSystemSynchronizedBuildFileExceptionSet;
			membershipExceptions = (
				Info.plist,
			);
			target = A10000000000000000000003;
		};
/* End PBXFileSystemSynchronizedBuildFileExceptionSet section */

/* Begin PBXFileSystemSynchronizedRootGroup section */
		A10000000000000000000004 = {
			isa = PBXFileSystemSynchronizedRootGroup;
			exceptions = (
				A10000000000000000000002,
			);
			path = iosApp;
			sourceTree = "<group>";
		};
		A10000000000000000000005 = {
			isa = PBXFileSystemSynchronizedRootGroup;
			path = Configuration;
			sourceTree = "<group>";
		};
/* End PBXFileSystemSynchronizedRootGroup section */

/* Begin PBXFrameworksBuildPhase section */
		A10000000000000000000006 = {
			isa = PBXFrameworksBuildPhase;
			buildActionMask = 2147483647;
			files = (
				A10000000000000000000013,
				CFA47327D4B0CD4DFF29051A,
			);
			runOnlyForDeploymentPostprocessing = 0;
		};
/* End PBXFrameworksBuildPhase section */

/* Begin PBXGroup section */
		A10000000000000000000007 = {
			isa = PBXGroup;
			children = (
				A10000000000000000000005,
				A10000000000000000000004,
				A10000000000000000000008,
			);
			sourceTree = "<group>";
		};
		A10000000000000000000008 = {
			isa = PBXGroup;
			children = (
				A10000000000000000000001,
			);
			name = Products;
			sourceTree = "<group>";
		};
/* End PBXGroup section */

/* Begin PBXNativeTarget section */
		A10000000000000000000003 = {
			isa = PBXNativeTarget;
			buildConfigurationList = A10000000000000000000009;
			buildPhases = (
				A1000000000000000000000A,
				A1000000000000000000000B,
				A10000000000000000000006,
				A1000000000000000000000C,
			);
			buildRules = (
			);
			dependencies = (
			);
			fileSystemSynchronizedGroups = (
				A10000000000000000000004,
			);
			name = iosApp;
			packageProductDependencies = (
				A10000000000000000000015,
				9841F35437A4034768A4042D,
			);
			productName = iosApp;
			productReference = A10000000000000000000001;
			productType = "com.apple.product-type.application";
		};
/* End PBXNativeTarget section */

/* Begin PBXProject section */
		A1000000000000000000000D = {
			isa = PBXProject;
			attributes = {
				BuildIndependentTargetsInParallel = 1;
				LastSwiftUpdateCheck = 1620;
				LastUpgradeCheck = 1620;
				TargetAttributes = {
					A10000000000000000000003 = {
						CreatedOnToolsVersion = 16.2;
					};
				};
			};
			buildConfigurationList = A1000000000000000000000E;
			developmentRegion = en;
			hasScannedForEncodings = 0;
			knownRegions = (
				en,
				Base,
			);
			mainGroup = A10000000000000000000007;
			minimizedProjectReferenceProxies = 1;
			packageReferences = (
				A10000000000000000000014,
				D3123255EAC9893AA46B0ADE,
			);
			preferredProjectObjectVersion = 77;
			productRefGroup = A10000000000000000000008;
			projectDirPath = "";
			projectRoot = "";
			targets = (
				A10000000000000000000003,
			);
		};
/* End PBXProject section */

/* Begin PBXResourcesBuildPhase section */
		A1000000000000000000000C = {
			isa = PBXResourcesBuildPhase;
			buildActionMask = 2147483647;
			files = (
			);
			runOnlyForDeploymentPostprocessing = 0;
		};
/* End PBXResourcesBuildPhase section */

/* Begin PBXShellScriptBuildPhase section */
		A1000000000000000000000A = {
			isa = PBXShellScriptBuildPhase;
			alwaysOutOfDate = 1;
			buildActionMask = 2147483647;
			files = (
			);
			inputFileListPaths = (
			);
			inputPaths = (
			);
			name = "Compile Kotlin Framework";
			outputFileListPaths = (
			);
			outputPaths = (
			);
			runOnlyForDeploymentPostprocessing = 0;
			shellPath = /bin/sh;
			shellScript = "if [ \"YES\" = \"$OVERRIDE_KOTLIN_BUILD_IDE_SUPPORTED\" ]; then\n  echo \"Skipping Gradle build task invocation because OVERRIDE_KOTLIN_BUILD_IDE_SUPPORTED is YES\"\n  exit 0\nfi\ncd \"$SRCROOT/..\"\n./gradlew :composeApp:embedAndSignAppleFrameworkForXcode\n";
		};
/* End PBXShellScriptBuildPhase section */

/* Begin PBXSourcesBuildPhase section */
		A1000000000000000000000B = {
			isa = PBXSourcesBuildPhase;
			buildActionMask = 2147483647;
			files = (
			);
			runOnlyForDeploymentPostprocessing = 0;
		};
/* End PBXSourcesBuildPhase section */

/* Begin XCBuildConfiguration section */
		A1000000000000000000000F = {
			isa = XCBuildConfiguration;
			buildSettings = {
				ALWAYS_SEARCH_USER_PATHS = NO;
				CLANG_ENABLE_MODULES = YES;
				CLANG_ENABLE_OBJC_ARC = YES;
				COPY_PHASE_STRIP = NO;
				DEBUG_INFORMATION_FORMAT = dwarf;
				ENABLE_TESTABILITY = YES;
				ENABLE_USER_SCRIPT_SANDBOXING = NO;
				GCC_C_LANGUAGE_STANDARD = gnu17;
				GCC_OPTIMIZATION_LEVEL = 0;
				GCC_PREPROCESSOR_DEFINITIONS = (
					"DEBUG=1",
					"$(inherited)",
				);
				IPHONEOS_DEPLOYMENT_TARGET = 15.0;
				ONLY_ACTIVE_ARCH = YES;
				SDKROOT = iphoneos;
				SWIFT_ACTIVE_COMPILATION_CONDITIONS = "DEBUG $(inherited)";
				SWIFT_OPTIMIZATION_LEVEL = "-Onone";
			};
			name = Debug;
		};
		A10000000000000000000010 = {
			isa = XCBuildConfiguration;
			buildSettings = {
				ALWAYS_SEARCH_USER_PATHS = NO;
				CLANG_ENABLE_MODULES = YES;
				CLANG_ENABLE_OBJC_ARC = YES;
				COPY_PHASE_STRIP = NO;
				DEBUG_INFORMATION_FORMAT = "dwarf-with-dsym";
				ENABLE_NS_ASSERTIONS = NO;
				ENABLE_USER_SCRIPT_SANDBOXING = NO;
				GCC_C_LANGUAGE_STANDARD = gnu17;
				IPHONEOS_DEPLOYMENT_TARGET = 15.0;
				SDKROOT = iphoneos;
				SWIFT_COMPILATION_MODE = wholemodule;
				VALIDATE_PRODUCT = YES;
			};
			name = Release;
		};
		A10000000000000000000011 = {
			isa = XCBuildConfiguration;
			baseConfigurationReferenceAnchor = A10000000000000000000005;
			baseConfigurationReferenceRelativePath = Config.xcconfig;
			buildSettings = {
				ARCHS = arm64;
				CODE_SIGN_STYLE = Automatic;
				DEVELOPMENT_TEAM = "${TEAM_ID}";
				FRAMEWORK_SEARCH_PATHS = (
					"$(inherited)",
					"$(SRCROOT)/../composeApp/build/xcode-frameworks/$(CONFIGURATION)/$(SDK_NAME)",
				);
				GENERATE_INFOPLIST_FILE = YES;
				INFOPLIST_FILE = iosApp/Info.plist;
				INFOPLIST_KEY_UIApplicationSceneManifest_Generation = YES;
				INFOPLIST_KEY_UIApplicationSupportsIndirectInputEvents = YES;
				INFOPLIST_KEY_UILaunchScreen_Generation = YES;
				LD_RUNPATH_SEARCH_PATHS = (
					"$(inherited)",
					"@executable_path/Frameworks",
				);
				SWIFT_VERSION = 5.0;
				TARGETED_DEVICE_FAMILY = "1,2";
			};
			name = Debug;
		};
		A10000000000000000000012 = {
			isa = XCBuildConfiguration;
			baseConfigurationReferenceAnchor = A10000000000000000000005;
			baseConfigurationReferenceRelativePath = Config.xcconfig;
			buildSettings = {
				ARCHS = arm64;
				CODE_SIGN_STYLE = Automatic;
				DEVELOPMENT_TEAM = "${TEAM_ID}";
				FRAMEWORK_SEARCH_PATHS = (
					"$(inherited)",
					"$(SRCROOT)/../composeApp/build/xcode-frameworks/$(CONFIGURATION)/$(SDK_NAME)",
				);
				GENERATE_INFOPLIST_FILE = YES;
				INFOPLIST_FILE = iosApp/Info.plist;
				INFOPLIST_KEY_UIApplicationSceneManifest_Generation = YES;
				INFOPLIST_KEY_UIApplicationSupportsIndirectInputEvents = YES;
				INFOPLIST_KEY_UILaunchScreen_Generation = YES;
				LD_RUNPATH_SEARCH_PATHS = (
					"$(inherited)",
					"@executable_path/Frameworks",
				);
				SWIFT_VERSION = 5.0;
				TARGETED_DEVICE_FAMILY = "1,2";
			};
			name = Release;
		};
/* End XCBuildConfiguration section */

/* Begin XCConfigurationList section */
		A10000000000000000000009 = {
			isa = XCConfigurationList;
			buildConfigurations = (
				A10000000000000000000011,
				A10000000000000000000012,
			);
			defaultConfigurationIsVisible = 0;
			defaultConfigurationName = Release;
		};
		A1000000000000000000000E = {
			isa = XCConfigurationList;
			buildConfigurations = (
				A1000000000000000000000F,
				A10000000000000000000010,
			);
			defaultConfigurationIsVisible = 0;
			defaultConfigurationName = Release;
		};
/* End XCConfigurationList section */

/* Begin XCLocalSwiftPackageReference section */
		D3123255EAC9893AA46B0ADE = {
			isa = XCLocalSwiftPackageReference;
			relativePath = KotlinMultiplatformLinkedPackage;
		};
/* End XCLocalSwiftPackageReference section */

/* Begin XCRemoteSwiftPackageReference section */
		A10000000000000000000014 = {
			isa = XCRemoteSwiftPackageReference;
			repositoryURL = "https://github.com/Tencent/MMKV.git";
			requirement = {
				kind = exactVersion;
				version = 2.4.1;
			};
		};
/* End XCRemoteSwiftPackageReference section */

/* Begin XCSwiftPackageProductDependency section */
		9841F35437A4034768A4042D = {
			isa = XCSwiftPackageProductDependency;
			productName = KotlinMultiplatformLinkedPackage;
		};
		A10000000000000000000015 = {
			isa = XCSwiftPackageProductDependency;
			package = A10000000000000000000014;
			productName = MMKV;
		};
/* End XCSwiftPackageProductDependency section */
	};
	rootObject = A1000000000000000000000D;
}
